
Microsoft Visual Studio Solution File, Format Version 12.00
# Visual Studio 15
VisualStudioVersion = 15.0.27703.2047
MinimumVisualStudioVersion = 10.0.40219.1
Project("{FAE04EC0-301F-11D3-BF4B-00C04F79EFBC}") = "Lynda_CSharp_Interfaces_Generics", "Lynda_CSharp_Interfaces_Generics\Lynda_CSharp_Interfaces_Generics.csproj", "{8C9F6B97-70F3-4195-B514-E554E411A004}"
EndProject
Global
	GlobalSection(SolutionConfigurationPlatforms) = preSolution
		Debug|Any CPU = Debug|Any CPU
		Release|Any CPU = Release|Any CPU
	EndGlobalSection
	GlobalSection(ProjectConfigurationPlatforms) = postSolution
		{8C9F6B97-70F3-4195-B514-E554E411A004}.Debug|Any CPU.ActiveCfg = Debug|Any CPU
		{8C9F6B97-70F3-4195-B514-E554E411A004}.Debug|Any CPU.Build.0 = Debug|Any CPU
		{8C9F6B97-70F3-4195-B514-E554E411A004}.Release|Any CPU.ActiveCfg = Release|Any CPU
		{8C9F6B97-70F3-4195-B514-E554E411A004}.Release|Any CPU.Build.0 = Release|Any CPU
	EndGlobalSection
	GlobalSection(SolutionProperties) = preSolution
		HideSolutionNode = FALSE
	EndGlobalSection
	GlobalSection(ExtensibilityGlobals) = postSolution
		SolutionGuid = {E7AE50D1-C346-411C-BA7E-81A508C9913C}
	EndGlobalSection
EndGlobal
